{
  "requires": true,
  "lockfileVersion": 1,
  "dependencies": {
    "vscode-css-languageservice": {
      "version": "4.0.2",
      "resolved": "https://registry.npmjs.org/vscode-css-languageservice/-/vscode-css-languageservice-4.0.2.tgz",
      "integrity": "sha512-pTnfXbsME3pl+yDfhUp/mtvPyIJk0Le4zqJxDn56s9GY9LqY0RmkSEh0oHH6D0HXR3Ni6wKosIaqu8a2G0+jdw==",
      "requires": {
        "vscode-languageserver-types": "^3.15.0-next.2",
        "vscode-nls": "^4.1.1"
      }
    },
    "vscode-languageserver-types": {
      "version": "3.15.0-next.2",
      "resolved": "https://registry.npmjs.org/vscode-languageserver-types/-/vscode-languageserver-types-3.15.0-next.2.tgz",
      "integrity": "sha512-2JkrMWWUi2rlVLSo9OFR2PIGUzdiowEM8NgNYiwLKnXTjpwpjjIrJbNNxDik7Rv4oo9KtikcFQZKXbrKilL/MQ=="
    },
    "vscode-nls": {
      "version": "4.1.1",
      "resolved": "https://registry.npmjs.org/vscode-nls/-/vscode-nls-4.1.1.tgz",
      "integrity": "sha512-4R+2UoUUU/LdnMnFjePxfLqNhBS8lrAFyX7pjb2ud/lqDkrUavFUTcG7wR0HBZFakae0Q6KLBFjMS6W93F403A=="
    }
  }
}
